
Microsoft Visual Studio Solution File, Format Version 12.00
# Visual Studio Version 16
VisualStudioVersion = 16.0.30320.27
MinimumVisualStudioVersion = 10.0.40219.1
Project("{8BC9CEB8-8B4A-11D0-8D11-00A0C91BC942}") = "10039평균점수", "Algorithm\Algorithm.vcxproj", "{D54DB2CE-415E-49DB-9A10-87E369128F75}"
EndProject
Project("{8BC9CEB8-8B4A-11D0-8D11-00A0C91BC942}") = "5543상근날드", "Project1\Project1.vcxproj", "{E46ECCAF-4237-451E-B8D1-B57D3409E240}"
EndProject
Project("{8BC9CEB8-8B4A-11D0-8D11-00A0C91BC942}") = "10817 세 수", "10817 세 수\10817 세 수.vcxproj", "{1C3A4BFD-EA03-41B4-9023-A72F91F9B629}"
EndProject
Project("{8BC9CEB8-8B4A-11D0-8D11-00A0C91BC942}") = "2446별 찍기", "2523별 찍기\2523별 찍기.vcxproj", "{2CFC5CFD-A009-4FA8-8BBC-1BE7BE8FE623}"
EndProject
Project("{8BC9CEB8-8B4A-11D0-8D11-00A0C91BC942}") = "2523별 찍기", "2523별찍기\2523별찍기.vcxproj", "{7849CED6-E38F-48C8-B441-B1882CEA1D39}"
EndProject
Project("{8BC9CEB8-8B4A-11D0-8D11-00A0C91BC942}") = "10996별 찍기", "10996별 찍기\10996별 찍기.vcxproj", "{6F638B56-4229-4536-AE0A-59E17414AC88}"
EndProject
Global
	GlobalSection(SolutionConfigurationPlatforms) = preSolution
		Debug|x64 = Debug|x64
		Debug|x86 = Debug|x86
		Release|x64 = Release|x64
		Release|x86 = Release|x86
	EndGlobalSection
	GlobalSection(ProjectConfigurationPlatforms) = postSolution
		{D54DB2CE-415E-49DB-9A10-87E369128F75}.Debug|x64.ActiveCfg = Debug|x64
		{D54DB2CE-415E-49DB-9A10-87E369128F75}.Debug|x64.Build.0 = Debug|x64
		{D54DB2CE-415E-49DB-9A10-87E369128F75}.Debug|x86.ActiveCfg = Debug|Win32
		{D54DB2CE-415E-49DB-9A10-87E369128F75}.Debug|x86.Build.0 = Debug|Win32
		{D54DB2CE-415E-49DB-9A10-87E369128F75}.Release|x64.ActiveCfg = Release|x64
		{D54DB2CE-415E-49DB-9A10-87E369128F75}.Release|x64.Build.0 = Release|x64
		{D54DB2CE-415E-49DB-9A10-87E369128F75}.Release|x86.ActiveCfg = Release|Win32
		{D54DB2CE-415E-49DB-9A10-87E369128F75}.Release|x86.Build.0 = Release|Win32
		{E46ECCAF-4237-451E-B8D1-B57D3409E240}.Debug|x64.ActiveCfg = Debug|x64
		{E46ECCAF-4237-451E-B8D1-B57D3409E240}.Debug|x64.Build.0 = Debug|x64
		{E46ECCAF-4237-451E-B8D1-B57D3409E240}.Debug|x86.ActiveCfg = Debug|Win32
		{E46ECCAF-4237-451E-B8D1-B57D3409E240}.Debug|x86.Build.0 = Debug|Win32
		{E46ECCAF-4237-451E-B8D1-B57D3409E240}.Release|x64.ActiveCfg = Release|x64
		{E46ECCAF-4237-451E-B8D1-B57D3409E240}.Release|x64.Build.0 = Release|x64
		{E46ECCAF-4237-451E-B8D1-B57D3409E240}.Release|x86.ActiveCfg = Release|Win32
		{E46ECCAF-4237-451E-B8D1-B57D3409E240}.Release|x86.Build.0 = Release|Win32
		{1C3A4BFD-EA03-41B4-9023-A72F91F9B629}.Debug|x64.ActiveCfg = Debug|x64
		{1C3A4BFD-EA03-41B4-9023-A72F91F9B629}.Debug|x64.Build.0 = Debug|x64
		{1C3A4BFD-EA03-41B4-9023-A72F91F9B629}.Debug|x86.ActiveCfg = Debug|Win32
		{1C3A4BFD-EA03-41B4-9023-A72F91F9B629}.Debug|x86.Build.0 = Debug|Win32
		{1C3A4BFD-EA03-41B4-9023-A72F91F9B629}.Release|x64.ActiveCfg = Release|x64
		{1C3A4BFD-EA03-41B4-9023-A72F91F9B629}.Release|x64.Build.0 = Release|x64
		{1C3A4BFD-EA03-41B4-9023-A72F91F9B629}.Release|x86.ActiveCfg = Release|Win32
		{1C3A4BFD-EA03-41B4-9023-A72F91F9B629}.Release|x86.Build.0 = Release|Win32
		{2CFC5CFD-A009-4FA8-8BBC-1BE7BE8FE623}.Debug|x64.ActiveCfg = Debug|x64
		{2CFC5CFD-A009-4FA8-8BBC-1BE7BE8FE623}.Debug|x64.Build.0 = Debug|x64
		{2CFC5CFD-A009-4FA8-8BBC-1BE7BE8FE623}.Debug|x86.ActiveCfg = Debug|Win32
		{2CFC5CFD-A009-4FA8-8BBC-1BE7BE8FE623}.Debug|x86.Build.0 = Debug|Win32
		{2CFC5CFD-A009-4FA8-8BBC-1BE7BE8FE623}.Release|x64.ActiveCfg = Release|x64
		{2CFC5CFD-A009-4FA8-8BBC-1BE7BE8FE623}.Release|x64.Build.0 = Release|x64
		{2CFC5CFD-A009-4FA8-8BBC-1BE7BE8FE623}.Release|x86.ActiveCfg = Release|Win32
		{2CFC5CFD-A009-4FA8-8BBC-1BE7BE8FE623}.Release|x86.Build.0 = Release|Win32
		{7849CED6-E38F-48C8-B441-B1882CEA1D39}.Debug|x64.ActiveCfg = Debug|x64
		{7849CED6-E38F-48C8-B441-B1882CEA1D39}.Debug|x64.Build.0 = Debug|x64
		{7849CED6-E38F-48C8-B441-B1882CEA1D39}.Debug|x86.ActiveCfg = Debug|Win32
		{7849CED6-E38F-48C8-B441-B1882CEA1D39}.Debug|x86.Build.0 = Debug|Win32
		{7849CED6-E38F-48C8-B441-B1882CEA1D39}.Release|x64.ActiveCfg = Release|x64
		{7849CED6-E38F-48C8-B441-B1882CEA1D39}.Release|x64.Build.0 = Release|x64
		{7849CED6-E38F-48C8-B441-B1882CEA1D39}.Release|x86.ActiveCfg = Release|Win32
		{7849CED6-E38F-48C8-B441-B1882CEA1D39}.Release|x86.Build.0 = Release|Win32
		{6F638B56-4229-4536-AE0A-59E17414AC88}.Debug|x64.ActiveCfg = Debug|x64
		{6F638B56-4229-4536-AE0A-59E17414AC88}.Debug|x64.Build.0 = Debug|x64
		{6F638B56-4229-4536-AE0A-59E17414AC88}.Debug|x86.ActiveCfg = Debug|Win32
		{6F638B56-4229-4536-AE0A-59E17414AC88}.Debug|x86.Build.0 = Debug|Win32
		{6F638B56-4229-4536-AE0A-59E17414AC88}.Release|x64.ActiveCfg = Release|x64
		{6F638B56-4229-4536-AE0A-59E17414AC88}.Release|x64.Build.0 = Release|x64
		{6F638B56-4229-4536-AE0A-59E17414AC88}.Release|x86.ActiveCfg = Release|Win32
		{6F638B56-4229-4536-AE0A-59E17414AC88}.Release|x86.Build.0 = Release|Win32
	EndGlobalSection
	GlobalSection(SolutionProperties) = preSolution
		HideSolutionNode = FALSE
	EndGlobalSection
	GlobalSection(ExtensibilityGlobals) = postSolution
		SolutionGuid = {BF6B6C90-6A47-4471-8301-353378768DD8}
	EndGlobalSection
EndGlobal
