
Microsoft Visual Studio Solution File, Format Version 12.00
# Visual Studio Version 16
VisualStudioVersion = 16.0.30320.27
MinimumVisualStudioVersion = 10.0.40219.1
Project("{2150E333-8FDC-42A3-9474-1A3956D46DE8}") = "5단계 실습 1", "5단계 실습 1", "{26C472CE-85A3-44FC-A2C2-958C4174C07F}"
EndProject
Project("{8BC9CEB8-8B4A-11D0-8D11-00A0C91BC942}") = "2446별 찍기", "5단계 실습 1\2523별 찍기\2523별 찍기.vcxproj", "{2CFC5CFD-A009-4FA8-8BBC-1BE7BE8FE623}"
EndProject
Project("{8BC9CEB8-8B4A-11D0-8D11-00A0C91BC942}") = "5543상근날드", "5단계 실습 1\5543상근날드\Project1.vcxproj", "{E46ECCAF-4237-451E-B8D1-B57D3409E240}"
EndProject
Project("{8BC9CEB8-8B4A-11D0-8D11-00A0C91BC942}") = "10039평균점수", "5단계 실습 1\10039평균점수\Algorithm.vcxproj", "{D54DB2CE-415E-49DB-9A10-87E369128F75}"
EndProject
Project("{8BC9CEB8-8B4A-11D0-8D11-00A0C91BC942}") = "10817 세 수", "5단계 실습 1\10817 세 수\10817 세 수.vcxproj", "{1C3A4BFD-EA03-41B4-9023-A72F91F9B629}"
EndProject
Project("{8BC9CEB8-8B4A-11D0-8D11-00A0C91BC942}") = "10996별 찍기", "5단계 실습 1\10996별 찍기\10996별 찍기.vcxproj", "{6F638B56-4229-4536-AE0A-59E17414AC88}"
EndProject
Project("{2150E333-8FDC-42A3-9474-1A3956D46DE8}") = "6단계 1차원 배열", "6단계 1차원 배열", "{A4902033-00D7-4779-9178-93690DD04EF1}"
EndProject
Project("{8BC9CEB8-8B4A-11D0-8D11-00A0C91BC942}") = "1546평균", "6단계 1차원 배열\1546평균\1546평균.vcxproj", "{34FD79D5-5630-4225-8AD3-6D79B56731C9}"
EndProject
Project("{8BC9CEB8-8B4A-11D0-8D11-00A0C91BC942}") = "2562최대값", "6단계 1차원 배열\2562최대값\2562최대값.vcxproj", "{425B988B-941B-48BB-B50D-050178C4E6EB}"
EndProject
Project("{8BC9CEB8-8B4A-11D0-8D11-00A0C91BC942}") = "2577숫자의 개수", "6단계 1차원 배열\2577숫자의 개수\2577숫자의 개수.vcxproj", "{FBD587E2-9EE1-4845-945D-E91D7448E02D}"
EndProject
Project("{8BC9CEB8-8B4A-11D0-8D11-00A0C91BC942}") = "3052나머지", "6단계 1차원 배열\3052나머지\3052나머지.vcxproj", "{8A4326DE-D876-4D48-9C5E-6FAD783D899D}"
EndProject
Project("{8BC9CEB8-8B4A-11D0-8D11-00A0C91BC942}") = "4344평균은 넘겠지", "6단계 1차원 배열\4344평균은 넘겠지\4344평균은 넘겠지.vcxproj", "{97DC5B35-FA30-45E4-8B01-5C9220F8BEF2}"
EndProject
Project("{8BC9CEB8-8B4A-11D0-8D11-00A0C91BC942}") = "8959OX퀴즈", "6단계 1차원 배열\8959OX퀴즈\8959OX퀴즈.vcxproj", "{C3B42912-EEE9-417F-BE63-D10C339C5BBC}"
EndProject
Project("{8BC9CEB8-8B4A-11D0-8D11-00A0C91BC942}") = "10818최소,최대", "6단계 1차원 배열\10818최소,최대\10818최소,최대.vcxproj", "{9600464B-3F42-4CC2-A08F-111D421AB040}"
EndProject
Project("{2150E333-8FDC-42A3-9474-1A3956D46DE8}") = "7단계 함수", "7단계 함수", "{96529E30-1115-4C3C-A8F8-16B2FD277E72}"
EndProject
Project("{2150E333-8FDC-42A3-9474-1A3956D46DE8}") = "8단계 문자열", "8단계 문자열", "{5F4CF076-CFA4-4B53-A57C-157ED17F3E01}"
EndProject
Project("{2150E333-8FDC-42A3-9474-1A3956D46DE8}") = "9단계 수학 1", "9단계 수학 1", "{D538DFF1-4EC4-435F-8AEC-812C812CDA19}"
EndProject
Project("{2150E333-8FDC-42A3-9474-1A3956D46DE8}") = "10단계 수학 2", "10단계 수학 2", "{1CA4855D-1DAE-402F-B474-A1723E15E888}"
EndProject
Project("{8BC9CEB8-8B4A-11D0-8D11-00A0C91BC942}") = "15596정수 N개의 합", "15596정수 N개의 합\15596정수 N개의 합.vcxproj", "{EF501273-78B0-486E-B8B8-267ACF116421}"
EndProject
Project("{8BC9CEB8-8B4A-11D0-8D11-00A0C91BC942}") = "4673셀프 넘버", "4673셀프 넘버\4673셀프 넘버.vcxproj", "{5EF01B1D-A628-43CB-9D62-F8096CC92DC6}"
EndProject
Project("{8BC9CEB8-8B4A-11D0-8D11-00A0C91BC942}") = "7단계 함수-1065한수", "7단계 함수-1065한수\7단계 함수-1065한수.vcxproj", "{2393FC97-9DA3-4A31-9835-7ED433612305}"
EndProject
Project("{8BC9CEB8-8B4A-11D0-8D11-00A0C91BC942}") = "8단계 문자열-11654아스키 코드", "8단계 문자열-11654아스키 코드\8단계 문자열-11654아스키 코드.vcxproj", "{FDCE96E7-1332-45E7-8C69-7A203E218C8E}"
EndProject
Global
	GlobalSection(SolutionConfigurationPlatforms) = preSolution
		Debug|x64 = Debug|x64
		Debug|x86 = Debug|x86
		Release|x64 = Release|x64
		Release|x86 = Release|x86
	EndGlobalSection
	GlobalSection(ProjectConfigurationPlatforms) = postSolution
		{2CFC5CFD-A009-4FA8-8BBC-1BE7BE8FE623}.Debug|x64.ActiveCfg = Debug|x64
		{2CFC5CFD-A009-4FA8-8BBC-1BE7BE8FE623}.Debug|x64.Build.0 = Debug|x64
		{2CFC5CFD-A009-4FA8-8BBC-1BE7BE8FE623}.Debug|x86.ActiveCfg = Debug|Win32
		{2CFC5CFD-A009-4FA8-8BBC-1BE7BE8FE623}.Debug|x86.Build.0 = Debug|Win32
		{2CFC5CFD-A009-4FA8-8BBC-1BE7BE8FE623}.Release|x64.ActiveCfg = Release|x64
		{2CFC5CFD-A009-4FA8-8BBC-1BE7BE8FE623}.Release|x64.Build.0 = Release|x64
		{2CFC5CFD-A009-4FA8-8BBC-1BE7BE8FE623}.Release|x86.ActiveCfg = Release|Win32
		{2CFC5CFD-A009-4FA8-8BBC-1BE7BE8FE623}.Release|x86.Build.0 = Release|Win32
		{E46ECCAF-4237-451E-B8D1-B57D3409E240}.Debug|x64.ActiveCfg = Debug|x64
		{E46ECCAF-4237-451E-B8D1-B57D3409E240}.Debug|x64.Build.0 = Debug|x64
		{E46ECCAF-4237-451E-B8D1-B57D3409E240}.Debug|x86.ActiveCfg = Debug|Win32
		{E46ECCAF-4237-451E-B8D1-B57D3409E240}.Debug|x86.Build.0 = Debug|Win32
		{E46ECCAF-4237-451E-B8D1-B57D3409E240}.Release|x64.ActiveCfg = Release|x64
		{E46ECCAF-4237-451E-B8D1-B57D3409E240}.Release|x64.Build.0 = Release|x64
		{E46ECCAF-4237-451E-B8D1-B57D3409E240}.Release|x86.ActiveCfg = Release|Win32
		{E46ECCAF-4237-451E-B8D1-B57D3409E240}.Release|x86.Build.0 = Release|Win32
		{D54DB2CE-415E-49DB-9A10-87E369128F75}.Debug|x64.ActiveCfg = Debug|x64
		{D54DB2CE-415E-49DB-9A10-87E369128F75}.Debug|x64.Build.0 = Debug|x64
		{D54DB2CE-415E-49DB-9A10-87E369128F75}.Debug|x86.ActiveCfg = Debug|Win32
		{D54DB2CE-415E-49DB-9A10-87E369128F75}.Debug|x86.Build.0 = Debug|Win32
		{D54DB2CE-415E-49DB-9A10-87E369128F75}.Release|x64.ActiveCfg = Release|x64
		{D54DB2CE-415E-49DB-9A10-87E369128F75}.Release|x64.Build.0 = Release|x64
		{D54DB2CE-415E-49DB-9A10-87E369128F75}.Release|x86.ActiveCfg = Release|Win32
		{D54DB2CE-415E-49DB-9A10-87E369128F75}.Release|x86.Build.0 = Release|Win32
		{1C3A4BFD-EA03-41B4-9023-A72F91F9B629}.Debug|x64.ActiveCfg = Debug|x64
		{1C3A4BFD-EA03-41B4-9023-A72F91F9B629}.Debug|x64.Build.0 = Debug|x64
		{1C3A4BFD-EA03-41B4-9023-A72F91F9B629}.Debug|x86.ActiveCfg = Debug|Win32
		{1C3A4BFD-EA03-41B4-9023-A72F91F9B629}.Debug|x86.Build.0 = Debug|Win32
		{1C3A4BFD-EA03-41B4-9023-A72F91F9B629}.Release|x64.ActiveCfg = Release|x64
		{1C3A4BFD-EA03-41B4-9023-A72F91F9B629}.Release|x64.Build.0 = Release|x64
		{1C3A4BFD-EA03-41B4-9023-A72F91F9B629}.Release|x86.ActiveCfg = Release|Win32
		{1C3A4BFD-EA03-41B4-9023-A72F91F9B629}.Release|x86.Build.0 = Release|Win32
		{6F638B56-4229-4536-AE0A-59E17414AC88}.Debug|x64.ActiveCfg = Debug|x64
		{6F638B56-4229-4536-AE0A-59E17414AC88}.Debug|x64.Build.0 = Debug|x64
		{6F638B56-4229-4536-AE0A-59E17414AC88}.Debug|x86.ActiveCfg = Debug|Win32
		{6F638B56-4229-4536-AE0A-59E17414AC88}.Debug|x86.Build.0 = Debug|Win32
		{6F638B56-4229-4536-AE0A-59E17414AC88}.Release|x64.ActiveCfg = Release|x64
		{6F638B56-4229-4536-AE0A-59E17414AC88}.Release|x64.Build.0 = Release|x64
		{6F638B56-4229-4536-AE0A-59E17414AC88}.Release|x86.ActiveCfg = Release|Win32
		{6F638B56-4229-4536-AE0A-59E17414AC88}.Release|x86.Build.0 = Release|Win32
		{34FD79D5-5630-4225-8AD3-6D79B56731C9}.Debug|x64.ActiveCfg = Debug|x64
		{34FD79D5-5630-4225-8AD3-6D79B56731C9}.Debug|x64.Build.0 = Debug|x64
		{34FD79D5-5630-4225-8AD3-6D79B56731C9}.Debug|x86.ActiveCfg = Debug|Win32
		{34FD79D5-5630-4225-8AD3-6D79B56731C9}.Debug|x86.Build.0 = Debug|Win32
		{34FD79D5-5630-4225-8AD3-6D79B56731C9}.Release|x64.ActiveCfg = Release|x64
		{34FD79D5-5630-4225-8AD3-6D79B56731C9}.Release|x64.Build.0 = Release|x64
		{34FD79D5-5630-4225-8AD3-6D79B56731C9}.Release|x86.ActiveCfg = Release|Win32
		{34FD79D5-5630-4225-8AD3-6D79B56731C9}.Release|x86.Build.0 = Release|Win32
		{425B988B-941B-48BB-B50D-050178C4E6EB}.Debug|x64.ActiveCfg = Debug|x64
		{425B988B-941B-48BB-B50D-050178C4E6EB}.Debug|x64.Build.0 = Debug|x64
		{425B988B-941B-48BB-B50D-050178C4E6EB}.Debug|x86.ActiveCfg = Debug|Win32
		{425B988B-941B-48BB-B50D-050178C4E6EB}.Debug|x86.Build.0 = Debug|Win32
		{425B988B-941B-48BB-B50D-050178C4E6EB}.Release|x64.ActiveCfg = Release|x64
		{425B988B-941B-48BB-B50D-050178C4E6EB}.Release|x64.Build.0 = Release|x64
		{425B988B-941B-48BB-B50D-050178C4E6EB}.Release|x86.ActiveCfg = Release|Win32
		{425B988B-941B-48BB-B50D-050178C4E6EB}.Release|x86.Build.0 = Release|Win32
		{FBD587E2-9EE1-4845-945D-E91D7448E02D}.Debug|x64.ActiveCfg = Debug|x64
		{FBD587E2-9EE1-4845-945D-E91D7448E02D}.Debug|x64.Build.0 = Debug|x64
		{FBD587E2-9EE1-4845-945D-E91D7448E02D}.Debug|x86.ActiveCfg = Debug|Win32
		{FBD587E2-9EE1-4845-945D-E91D7448E02D}.Debug|x86.Build.0 = Debug|Win32
		{FBD587E2-9EE1-4845-945D-E91D7448E02D}.Release|x64.ActiveCfg = Release|x64
		{FBD587E2-9EE1-4845-945D-E91D7448E02D}.Release|x64.Build.0 = Release|x64
		{FBD587E2-9EE1-4845-945D-E91D7448E02D}.Release|x86.ActiveCfg = Release|Win32
		{FBD587E2-9EE1-4845-945D-E91D7448E02D}.Release|x86.Build.0 = Release|Win32
		{8A4326DE-D876-4D48-9C5E-6FAD783D899D}.Debug|x64.ActiveCfg = Debug|x64
		{8A4326DE-D876-4D48-9C5E-6FAD783D899D}.Debug|x64.Build.0 = Debug|x64
		{8A4326DE-D876-4D48-9C5E-6FAD783D899D}.Debug|x86.ActiveCfg = Debug|Win32
		{8A4326DE-D876-4D48-9C5E-6FAD783D899D}.Debug|x86.Build.0 = Debug|Win32
		{8A4326DE-D876-4D48-9C5E-6FAD783D899D}.Release|x64.ActiveCfg = Release|x64
		{8A4326DE-D876-4D48-9C5E-6FAD783D899D}.Release|x64.Build.0 = Release|x64
		{8A4326DE-D876-4D48-9C5E-6FAD783D899D}.Release|x86.ActiveCfg = Release|Win32
		{8A4326DE-D876-4D48-9C5E-6FAD783D899D}.Release|x86.Build.0 = Release|Win32
		{97DC5B35-FA30-45E4-8B01-5C9220F8BEF2}.Debug|x64.ActiveCfg = Debug|x64
		{97DC5B35-FA30-45E4-8B01-5C9220F8BEF2}.Debug|x64.Build.0 = Debug|x64
		{97DC5B35-FA30-45E4-8B01-5C9220F8BEF2}.Debug|x86.ActiveCfg = Debug|Win32
		{97DC5B35-FA30-45E4-8B01-5C9220F8BEF2}.Debug|x86.Build.0 = Debug|Win32
		{97DC5B35-FA30-45E4-8B01-5C9220F8BEF2}.Release|x64.ActiveCfg = Release|x64
		{97DC5B35-FA30-45E4-8B01-5C9220F8BEF2}.Release|x64.Build.0 = Release|x64
		{97DC5B35-FA30-45E4-8B01-5C9220F8BEF2}.Release|x86.ActiveCfg = Release|Win32
		{97DC5B35-FA30-45E4-8B01-5C9220F8BEF2}.Release|x86.Build.0 = Release|Win32
		{C3B42912-EEE9-417F-BE63-D10C339C5BBC}.Debug|x64.ActiveCfg = Debug|x64
		{C3B42912-EEE9-417F-BE63-D10C339C5BBC}.Debug|x64.Build.0 = Debug|x64
		{C3B42912-EEE9-417F-BE63-D10C339C5BBC}.Debug|x86.ActiveCfg = Debug|Win32
		{C3B42912-EEE9-417F-BE63-D10C339C5BBC}.Debug|x86.Build.0 = Debug|Win32
		{C3B42912-EEE9-417F-BE63-D10C339C5BBC}.Release|x64.ActiveCfg = Release|x64
		{C3B42912-EEE9-417F-BE63-D10C339C5BBC}.Release|x64.Build.0 = Release|x64
		{C3B42912-EEE9-417F-BE63-D10C339C5BBC}.Release|x86.ActiveCfg = Release|Win32
		{C3B42912-EEE9-417F-BE63-D10C339C5BBC}.Release|x86.Build.0 = Release|Win32
		{9600464B-3F42-4CC2-A08F-111D421AB040}.Debug|x64.ActiveCfg = Debug|x64
		{9600464B-3F42-4CC2-A08F-111D421AB040}.Debug|x64.Build.0 = Debug|x64
		{9600464B-3F42-4CC2-A08F-111D421AB040}.Debug|x86.ActiveCfg = Debug|Win32
		{9600464B-3F42-4CC2-A08F-111D421AB040}.Debug|x86.Build.0 = Debug|Win32
		{9600464B-3F42-4CC2-A08F-111D421AB040}.Release|x64.ActiveCfg = Release|x64
		{9600464B-3F42-4CC2-A08F-111D421AB040}.Release|x64.Build.0 = Release|x64
		{9600464B-3F42-4CC2-A08F-111D421AB040}.Release|x86.ActiveCfg = Release|Win32
		{9600464B-3F42-4CC2-A08F-111D421AB040}.Release|x86.Build.0 = Release|Win32
		{EF501273-78B0-486E-B8B8-267ACF116421}.Debug|x64.ActiveCfg = Debug|x64
		{EF501273-78B0-486E-B8B8-267ACF116421}.Debug|x64.Build.0 = Debug|x64
		{EF501273-78B0-486E-B8B8-267ACF116421}.Debug|x86.ActiveCfg = Debug|Win32
		{EF501273-78B0-486E-B8B8-267ACF116421}.Debug|x86.Build.0 = Debug|Win32
		{EF501273-78B0-486E-B8B8-267ACF116421}.Release|x64.ActiveCfg = Release|x64
		{EF501273-78B0-486E-B8B8-267ACF116421}.Release|x64.Build.0 = Release|x64
		{EF501273-78B0-486E-B8B8-267ACF116421}.Release|x86.ActiveCfg = Release|Win32
		{EF501273-78B0-486E-B8B8-267ACF116421}.Release|x86.Build.0 = Release|Win32
		{5EF01B1D-A628-43CB-9D62-F8096CC92DC6}.Debug|x64.ActiveCfg = Debug|x64
		{5EF01B1D-A628-43CB-9D62-F8096CC92DC6}.Debug|x64.Build.0 = Debug|x64
		{5EF01B1D-A628-43CB-9D62-F8096CC92DC6}.Debug|x86.ActiveCfg = Debug|Win32
		{5EF01B1D-A628-43CB-9D62-F8096CC92DC6}.Debug|x86.Build.0 = Debug|Win32
		{5EF01B1D-A628-43CB-9D62-F8096CC92DC6}.Release|x64.ActiveCfg = Release|x64
		{5EF01B1D-A628-43CB-9D62-F8096CC92DC6}.Release|x64.Build.0 = Release|x64
		{5EF01B1D-A628-43CB-9D62-F8096CC92DC6}.Release|x86.ActiveCfg = Release|Win32
		{5EF01B1D-A628-43CB-9D62-F8096CC92DC6}.Release|x86.Build.0 = Release|Win32
		{2393FC97-9DA3-4A31-9835-7ED433612305}.Debug|x64.ActiveCfg = Debug|x64
		{2393FC97-9DA3-4A31-9835-7ED433612305}.Debug|x64.Build.0 = Debug|x64
		{2393FC97-9DA3-4A31-9835-7ED433612305}.Debug|x86.ActiveCfg = Debug|Win32
		{2393FC97-9DA3-4A31-9835-7ED433612305}.Debug|x86.Build.0 = Debug|Win32
		{2393FC97-9DA3-4A31-9835-7ED433612305}.Release|x64.ActiveCfg = Release|x64
		{2393FC97-9DA3-4A31-9835-7ED433612305}.Release|x64.Build.0 = Release|x64
		{2393FC97-9DA3-4A31-9835-7ED433612305}.Release|x86.ActiveCfg = Release|Win32
		{2393FC97-9DA3-4A31-9835-7ED433612305}.Release|x86.Build.0 = Release|Win32
		{FDCE96E7-1332-45E7-8C69-7A203E218C8E}.Debug|x64.ActiveCfg = Debug|x64
		{FDCE96E7-1332-45E7-8C69-7A203E218C8E}.Debug|x64.Build.0 = Debug|x64
		{FDCE96E7-1332-45E7-8C69-7A203E218C8E}.Debug|x86.ActiveCfg = Debug|Win32
		{FDCE96E7-1332-45E7-8C69-7A203E218C8E}.Debug|x86.Build.0 = Debug|Win32
		{FDCE96E7-1332-45E7-8C69-7A203E218C8E}.Release|x64.ActiveCfg = Release|x64
		{FDCE96E7-1332-45E7-8C69-7A203E218C8E}.Release|x64.Build.0 = Release|x64
		{FDCE96E7-1332-45E7-8C69-7A203E218C8E}.Release|x86.ActiveCfg = Release|Win32
		{FDCE96E7-1332-45E7-8C69-7A203E218C8E}.Release|x86.Build.0 = Release|Win32
	EndGlobalSection
	GlobalSection(SolutionProperties) = preSolution
		HideSolutionNode = FALSE
	EndGlobalSection
	GlobalSection(NestedProjects) = preSolution
		{2CFC5CFD-A009-4FA8-8BBC-1BE7BE8FE623} = {26C472CE-85A3-44FC-A2C2-958C4174C07F}
		{E46ECCAF-4237-451E-B8D1-B57D3409E240} = {26C472CE-85A3-44FC-A2C2-958C4174C07F}
		{D54DB2CE-415E-49DB-9A10-87E369128F75} = {26C472CE-85A3-44FC-A2C2-958C4174C07F}
		{1C3A4BFD-EA03-41B4-9023-A72F91F9B629} = {26C472CE-85A3-44FC-A2C2-958C4174C07F}
		{6F638B56-4229-4536-AE0A-59E17414AC88} = {26C472CE-85A3-44FC-A2C2-958C4174C07F}
		{34FD79D5-5630-4225-8AD3-6D79B56731C9} = {A4902033-00D7-4779-9178-93690DD04EF1}
		{425B988B-941B-48BB-B50D-050178C4E6EB} = {A4902033-00D7-4779-9178-93690DD04EF1}
		{FBD587E2-9EE1-4845-945D-E91D7448E02D} = {A4902033-00D7-4779-9178-93690DD04EF1}
		{8A4326DE-D876-4D48-9C5E-6FAD783D899D} = {A4902033-00D7-4779-9178-93690DD04EF1}
		{97DC5B35-FA30-45E4-8B01-5C9220F8BEF2} = {A4902033-00D7-4779-9178-93690DD04EF1}
		{C3B42912-EEE9-417F-BE63-D10C339C5BBC} = {A4902033-00D7-4779-9178-93690DD04EF1}
		{9600464B-3F42-4CC2-A08F-111D421AB040} = {A4902033-00D7-4779-9178-93690DD04EF1}
		{EF501273-78B0-486E-B8B8-267ACF116421} = {96529E30-1115-4C3C-A8F8-16B2FD277E72}
		{5EF01B1D-A628-43CB-9D62-F8096CC92DC6} = {96529E30-1115-4C3C-A8F8-16B2FD277E72}
		{2393FC97-9DA3-4A31-9835-7ED433612305} = {96529E30-1115-4C3C-A8F8-16B2FD277E72}
		{FDCE96E7-1332-45E7-8C69-7A203E218C8E} = {5F4CF076-CFA4-4B53-A57C-157ED17F3E01}
	EndGlobalSection
	GlobalSection(ExtensibilityGlobals) = postSolution
		SolutionGuid = {BF6B6C90-6A47-4471-8301-353378768DD8}
	EndGlobalSection
EndGlobal
