
Microsoft Visual Studio Solution File, Format Version 12.00
# Visual Studio Version 16
VisualStudioVersion = 16.0.30320.27
MinimumVisualStudioVersion = 10.0.40219.1
Project("{2150E333-8FDC-42A3-9474-1A3956D46DE8}") = "5단계 실습 1", "5단계 실습 1", "{26C472CE-85A3-44FC-A2C2-958C4174C07F}"
EndProject
Project("{8BC9CEB8-8B4A-11D0-8D11-00A0C91BC942}") = "2446별 찍기", "5단계 실습 1\2523별 찍기\2523별 찍기.vcxproj", "{2CFC5CFD-A009-4FA8-8BBC-1BE7BE8FE623}"
EndProject
Project("{8BC9CEB8-8B4A-11D0-8D11-00A0C91BC942}") = "5543상근날드", "5단계 실습 1\5543상근날드\Project1.vcxproj", "{E46ECCAF-4237-451E-B8D1-B57D3409E240}"
EndProject
Project("{8BC9CEB8-8B4A-11D0-8D11-00A0C91BC942}") = "10039평균점수", "5단계 실습 1\10039평균점수\Algorithm.vcxproj", "{D54DB2CE-415E-49DB-9A10-87E369128F75}"
EndProject
Project("{8BC9CEB8-8B4A-11D0-8D11-00A0C91BC942}") = "10817 세 수", "5단계 실습 1\10817 세 수\10817 세 수.vcxproj", "{1C3A4BFD-EA03-41B4-9023-A72F91F9B629}"
EndProject
Project("{8BC9CEB8-8B4A-11D0-8D11-00A0C91BC942}") = "10996별 찍기", "5단계 실습 1\10996별 찍기\10996별 찍기.vcxproj", "{6F638B56-4229-4536-AE0A-59E17414AC88}"
EndProject
Project("{2150E333-8FDC-42A3-9474-1A3956D46DE8}") = "6단계 1차원 배열", "6단계 1차원 배열", "{A4902033-00D7-4779-9178-93690DD04EF1}"
EndProject
Project("{8BC9CEB8-8B4A-11D0-8D11-00A0C91BC942}") = "1546평균", "6단계 1차원 배열\1546평균\1546평균.vcxproj", "{34FD79D5-5630-4225-8AD3-6D79B56731C9}"
EndProject
Project("{8BC9CEB8-8B4A-11D0-8D11-00A0C91BC942}") = "2562최대값", "6단계 1차원 배열\2562최대값\2562최대값.vcxproj", "{425B988B-941B-48BB-B50D-050178C4E6EB}"
EndProject
Project("{8BC9CEB8-8B4A-11D0-8D11-00A0C91BC942}") = "2577숫자의 개수", "6단계 1차원 배열\2577숫자의 개수\2577숫자의 개수.vcxproj", "{FBD587E2-9EE1-4845-945D-E91D7448E02D}"
EndProject
Project("{8BC9CEB8-8B4A-11D0-8D11-00A0C91BC942}") = "3052나머지", "6단계 1차원 배열\3052나머지\3052나머지.vcxproj", "{8A4326DE-D876-4D48-9C5E-6FAD783D899D}"
EndProject
Project("{8BC9CEB8-8B4A-11D0-8D11-00A0C91BC942}") = "4344평균은 넘겠지", "6단계 1차원 배열\4344평균은 넘겠지\4344평균은 넘겠지.vcxproj", "{97DC5B35-FA30-45E4-8B01-5C9220F8BEF2}"
EndProject
Project("{8BC9CEB8-8B4A-11D0-8D11-00A0C91BC942}") = "8959OX퀴즈", "6단계 1차원 배열\8959OX퀴즈\8959OX퀴즈.vcxproj", "{C3B42912-EEE9-417F-BE63-D10C339C5BBC}"
EndProject
Project("{8BC9CEB8-8B4A-11D0-8D11-00A0C91BC942}") = "10818최소,최대", "6단계 1차원 배열\10818최소,최대\10818최소,최대.vcxproj", "{9600464B-3F42-4CC2-A08F-111D421AB040}"
EndProject
Project("{2150E333-8FDC-42A3-9474-1A3956D46DE8}") = "7단계 함수", "7단계 함수", "{96529E30-1115-4C3C-A8F8-16B2FD277E72}"
EndProject
Project("{2150E333-8FDC-42A3-9474-1A3956D46DE8}") = "8단계 문자열", "8단계 문자열", "{5F4CF076-CFA4-4B53-A57C-157ED17F3E01}"
EndProject
Project("{2150E333-8FDC-42A3-9474-1A3956D46DE8}") = "9단계 수학 1", "9단계 수학 1", "{D538DFF1-4EC4-435F-8AEC-812C812CDA19}"
EndProject
Project("{2150E333-8FDC-42A3-9474-1A3956D46DE8}") = "10단계 수학 2", "10단계 수학 2", "{1CA4855D-1DAE-402F-B474-A1723E15E888}"
EndProject
Project("{8BC9CEB8-8B4A-11D0-8D11-00A0C91BC942}") = "15596정수 N개의 합", "15596정수 N개의 합\15596정수 N개의 합.vcxproj", "{EF501273-78B0-486E-B8B8-267ACF116421}"
EndProject
Project("{8BC9CEB8-8B4A-11D0-8D11-00A0C91BC942}") = "4673셀프 넘버", "4673셀프 넘버\4673셀프 넘버.vcxproj", "{5EF01B1D-A628-43CB-9D62-F8096CC92DC6}"
EndProject
Project("{8BC9CEB8-8B4A-11D0-8D11-00A0C91BC942}") = "7단계 함수-1065한수", "7단계 함수-1065한수\7단계 함수-1065한수.vcxproj", "{2393FC97-9DA3-4A31-9835-7ED433612305}"
EndProject
Project("{8BC9CEB8-8B4A-11D0-8D11-00A0C91BC942}") = "8단계 문자열-11654아스키 코드", "8단계 문자열-11654아스키 코드\8단계 문자열-11654아스키 코드.vcxproj", "{FDCE96E7-1332-45E7-8C69-7A203E218C8E}"
EndProject
Project("{8BC9CEB8-8B4A-11D0-8D11-00A0C91BC942}") = "8단계 문자열-11720숫자의 합", "8단계 문자열-11720숫자의 합\8단계 문자열-11720숫자의 합.vcxproj", "{CE1F1A8C-1828-4E45-8ADF-469CE7EBE6A0}"
EndProject
Project("{8BC9CEB8-8B4A-11D0-8D11-00A0C91BC942}") = "8단계 문자열-10809알파벳 찾기", "8단계 문자열-10809알파벳 찾기\8단계 문자열-10809알파벳 찾기.vcxproj", "{0374C77D-55E5-477B-B01A-6992B4BE43AF}"
EndProject
Project("{8BC9CEB8-8B4A-11D0-8D11-00A0C91BC942}") = "8단계 문자열-2675문자열 반복", "8단계 문자열-2675문자열 반복\8단계 문자열-2675문자열 반복.vcxproj", "{256CADA8-EDE9-4614-836F-38077CD36120}"
EndProject
Project("{8BC9CEB8-8B4A-11D0-8D11-00A0C91BC942}") = "8단계 문자열-1157단어 공부", "8단계 문자열-1157단어 공부\8단계 문자열-1157단어 공부.vcxproj", "{2B6EF03E-46A1-4625-BAA3-0B4AB5CAD140}"
EndProject
Project("{8BC9CEB8-8B4A-11D0-8D11-00A0C91BC942}") = "8단계 문자열-1152단어의 개수", "8단계 문자열-1152단어의 개수\8단계 문자열-1152단어의 개수.vcxproj", "{B113E07D-F4D6-4875-A1BD-D4104B88636F}"
EndProject
Project("{8BC9CEB8-8B4A-11D0-8D11-00A0C91BC942}") = "8단계 문자열-2908상수", "8단계 문자열-2908상수\8단계 문자열-2908상수.vcxproj", "{9E4339CA-5F3C-490A-8361-609D543AF36B}"
EndProject
Project("{8BC9CEB8-8B4A-11D0-8D11-00A0C91BC942}") = "8단계 문자열-5622다이얼", "8단계 문자열-5622다이얼\8단계 문자열-5622다이얼.vcxproj", "{8A4772EC-1A02-4DC0-83E1-40A52D932301}"
EndProject
Project("{8BC9CEB8-8B4A-11D0-8D11-00A0C91BC942}") = "8단계 문자열-2941크로아티아 알파벳", "8단계 문자열-2941크로아티아 알파벳\8단계 문자열-2941크로아티아 알파벳.vcxproj", "{EB4D8B68-4CAF-4424-9B94-985A15C50F35}"
EndProject
Project("{8BC9CEB8-8B4A-11D0-8D11-00A0C91BC942}") = "8단계 문자열-1316그룹 단어 체커", "8단계 문자열-1316그룹 단어 체커\8단계 문자열-1316그룹 단어 체커.vcxproj", "{5835FEED-9CEF-4CA5-89FD-35CA536EC779}"
EndProject
Project("{8BC9CEB8-8B4A-11D0-8D11-00A0C91BC942}") = "9단계 수학-1712손익분기점", "9단계 수학-1712손익분기점\9단계 수학-1712손익분기점.vcxproj", "{7DE46740-D572-4835-A873-EE6B8FA2256F}"
EndProject
Project("{8BC9CEB8-8B4A-11D0-8D11-00A0C91BC942}") = "9단계 수학-2839설탕 배달", "9단계 수학-2839설탕 배달\9단계 수학-2839설탕 배달.vcxproj", "{C956D9EF-D3EC-4915-8461-9ACB004B149A}"
EndProject
Project("{8BC9CEB8-8B4A-11D0-8D11-00A0C91BC942}") = "9단계 수학-2292벌집", "9단계 수학-2292벌집\9단계 수학-2292벌집.vcxproj", "{62A5BFBA-680F-4078-B0FD-6A9E2C0BDC56}"
EndProject
Project("{8BC9CEB8-8B4A-11D0-8D11-00A0C91BC942}") = "9단계 수학-1193분수찾기", "9단계 수학-1193분수찾기\9단계 수학-1193분수찾기.vcxproj", "{960A27D4-840B-4DA5-BC3F-2130BA594E12}"
EndProject
Project("{8BC9CEB8-8B4A-11D0-8D11-00A0C91BC942}") = "9단계 수학-2869달팽이는 올라가고 싶다", "9단계 수학-2869달팽이는 올라가고 싶다\9단계 수학-2869달팽이는 올라가고 싶다.vcxproj", "{746AA2CC-C0E2-42A6-8D5E-30A109863070}"
EndProject
Project("{8BC9CEB8-8B4A-11D0-8D11-00A0C91BC942}") = "9단계 수학-10250ACM 호텔", "9단계 수학-10250ACM 호텔\9단계 수학-10250ACM 호텔.vcxproj", "{AD27B8CA-59F9-4C0F-B715-446873B5145B}"
EndProject
Project("{8BC9CEB8-8B4A-11D0-8D11-00A0C91BC942}") = "9단계 수학-2775부녀회장이 될테야", "9단계 수학-2775부녀회장이 될테야\9단계 수학-2775부녀회장이 될테야.vcxproj", "{F00FA70F-2F7F-4FB9-A115-198DDE56ED9B}"
EndProject
Project("{8BC9CEB8-8B4A-11D0-8D11-00A0C91BC942}") = "9단계 수학-1011Fly me to the Alpha centauria", "9단계 수학-1011Fly me to the Alpha centauria\9단계 수학-1011Fly me to the Alpha centauria.vcxproj", "{40E17D27-461F-471D-B06B-168DF16EDCE4}"
EndProject
Global
	GlobalSection(SolutionConfigurationPlatforms) = preSolution
		Debug|x64 = Debug|x64
		Debug|x86 = Debug|x86
		Release|x64 = Release|x64
		Release|x86 = Release|x86
	EndGlobalSection
	GlobalSection(ProjectConfigurationPlatforms) = postSolution
		{2CFC5CFD-A009-4FA8-8BBC-1BE7BE8FE623}.Debug|x64.ActiveCfg = Debug|x64
		{2CFC5CFD-A009-4FA8-8BBC-1BE7BE8FE623}.Debug|x64.Build.0 = Debug|x64
		{2CFC5CFD-A009-4FA8-8BBC-1BE7BE8FE623}.Debug|x86.ActiveCfg = Debug|Win32
		{2CFC5CFD-A009-4FA8-8BBC-1BE7BE8FE623}.Debug|x86.Build.0 = Debug|Win32
		{2CFC5CFD-A009-4FA8-8BBC-1BE7BE8FE623}.Release|x64.ActiveCfg = Release|x64
		{2CFC5CFD-A009-4FA8-8BBC-1BE7BE8FE623}.Release|x64.Build.0 = Release|x64
		{2CFC5CFD-A009-4FA8-8BBC-1BE7BE8FE623}.Release|x86.ActiveCfg = Release|Win32
		{2CFC5CFD-A009-4FA8-8BBC-1BE7BE8FE623}.Release|x86.Build.0 = Release|Win32
		{E46ECCAF-4237-451E-B8D1-B57D3409E240}.Debug|x64.ActiveCfg = Debug|x64
		{E46ECCAF-4237-451E-B8D1-B57D3409E240}.Debug|x64.Build.0 = Debug|x64
		{E46ECCAF-4237-451E-B8D1-B57D3409E240}.Debug|x86.ActiveCfg = Debug|Win32
		{E46ECCAF-4237-451E-B8D1-B57D3409E240}.Debug|x86.Build.0 = Debug|Win32
		{E46ECCAF-4237-451E-B8D1-B57D3409E240}.Release|x64.ActiveCfg = Release|x64
		{E46ECCAF-4237-451E-B8D1-B57D3409E240}.Release|x64.Build.0 = Release|x64
		{E46ECCAF-4237-451E-B8D1-B57D3409E240}.Release|x86.ActiveCfg = Release|Win32
		{E46ECCAF-4237-451E-B8D1-B57D3409E240}.Release|x86.Build.0 = Release|Win32
		{D54DB2CE-415E-49DB-9A10-87E369128F75}.Debug|x64.ActiveCfg = Debug|x64
		{D54DB2CE-415E-49DB-9A10-87E369128F75}.Debug|x64.Build.0 = Debug|x64
		{D54DB2CE-415E-49DB-9A10-87E369128F75}.Debug|x86.ActiveCfg = Debug|Win32
		{D54DB2CE-415E-49DB-9A10-87E369128F75}.Debug|x86.Build.0 = Debug|Win32
		{D54DB2CE-415E-49DB-9A10-87E369128F75}.Release|x64.ActiveCfg = Release|x64
		{D54DB2CE-415E-49DB-9A10-87E369128F75}.Release|x64.Build.0 = Release|x64
		{D54DB2CE-415E-49DB-9A10-87E369128F75}.Release|x86.ActiveCfg = Release|Win32
		{D54DB2CE-415E-49DB-9A10-87E369128F75}.Release|x86.Build.0 = Release|Win32
		{1C3A4BFD-EA03-41B4-9023-A72F91F9B629}.Debug|x64.ActiveCfg = Debug|x64
		{1C3A4BFD-EA03-41B4-9023-A72F91F9B629}.Debug|x64.Build.0 = Debug|x64
		{1C3A4BFD-EA03-41B4-9023-A72F91F9B629}.Debug|x86.ActiveCfg = Debug|Win32
		{1C3A4BFD-EA03-41B4-9023-A72F91F9B629}.Debug|x86.Build.0 = Debug|Win32
		{1C3A4BFD-EA03-41B4-9023-A72F91F9B629}.Release|x64.ActiveCfg = Release|x64
		{1C3A4BFD-EA03-41B4-9023-A72F91F9B629}.Release|x64.Build.0 = Release|x64
		{1C3A4BFD-EA03-41B4-9023-A72F91F9B629}.Release|x86.ActiveCfg = Release|Win32
		{1C3A4BFD-EA03-41B4-9023-A72F91F9B629}.Release|x86.Build.0 = Release|Win32
		{6F638B56-4229-4536-AE0A-59E17414AC88}.Debug|x64.ActiveCfg = Debug|x64
		{6F638B56-4229-4536-AE0A-59E17414AC88}.Debug|x64.Build.0 = Debug|x64
		{6F638B56-4229-4536-AE0A-59E17414AC88}.Debug|x86.ActiveCfg = Debug|Win32
		{6F638B56-4229-4536-AE0A-59E17414AC88}.Debug|x86.Build.0 = Debug|Win32
		{6F638B56-4229-4536-AE0A-59E17414AC88}.Release|x64.ActiveCfg = Release|x64
		{6F638B56-4229-4536-AE0A-59E17414AC88}.Release|x64.Build.0 = Release|x64
		{6F638B56-4229-4536-AE0A-59E17414AC88}.Release|x86.ActiveCfg = Release|Win32
		{6F638B56-4229-4536-AE0A-59E17414AC88}.Release|x86.Build.0 = Release|Win32
		{34FD79D5-5630-4225-8AD3-6D79B56731C9}.Debug|x64.ActiveCfg = Debug|x64
		{34FD79D5-5630-4225-8AD3-6D79B56731C9}.Debug|x64.Build.0 = Debug|x64
		{34FD79D5-5630-4225-8AD3-6D79B56731C9}.Debug|x86.ActiveCfg = Debug|Win32
		{34FD79D5-5630-4225-8AD3-6D79B56731C9}.Debug|x86.Build.0 = Debug|Win32
		{34FD79D5-5630-4225-8AD3-6D79B56731C9}.Release|x64.ActiveCfg = Release|x64
		{34FD79D5-5630-4225-8AD3-6D79B56731C9}.Release|x64.Build.0 = Release|x64
		{34FD79D5-5630-4225-8AD3-6D79B56731C9}.Release|x86.ActiveCfg = Release|Win32
		{34FD79D5-5630-4225-8AD3-6D79B56731C9}.Release|x86.Build.0 = Release|Win32
		{425B988B-941B-48BB-B50D-050178C4E6EB}.Debug|x64.ActiveCfg = Debug|x64
		{425B988B-941B-48BB-B50D-050178C4E6EB}.Debug|x64.Build.0 = Debug|x64
		{425B988B-941B-48BB-B50D-050178C4E6EB}.Debug|x86.ActiveCfg = Debug|Win32
		{425B988B-941B-48BB-B50D-050178C4E6EB}.Debug|x86.Build.0 = Debug|Win32
		{425B988B-941B-48BB-B50D-050178C4E6EB}.Release|x64.ActiveCfg = Release|x64
		{425B988B-941B-48BB-B50D-050178C4E6EB}.Release|x64.Build.0 = Release|x64
		{425B988B-941B-48BB-B50D-050178C4E6EB}.Release|x86.ActiveCfg = Release|Win32
		{425B988B-941B-48BB-B50D-050178C4E6EB}.Release|x86.Build.0 = Release|Win32
		{FBD587E2-9EE1-4845-945D-E91D7448E02D}.Debug|x64.ActiveCfg = Debug|x64
		{FBD587E2-9EE1-4845-945D-E91D7448E02D}.Debug|x64.Build.0 = Debug|x64
		{FBD587E2-9EE1-4845-945D-E91D7448E02D}.Debug|x86.ActiveCfg = Debug|Win32
		{FBD587E2-9EE1-4845-945D-E91D7448E02D}.Debug|x86.Build.0 = Debug|Win32
		{FBD587E2-9EE1-4845-945D-E91D7448E02D}.Release|x64.ActiveCfg = Release|x64
		{FBD587E2-9EE1-4845-945D-E91D7448E02D}.Release|x64.Build.0 = Release|x64
		{FBD587E2-9EE1-4845-945D-E91D7448E02D}.Release|x86.ActiveCfg = Release|Win32
		{FBD587E2-9EE1-4845-945D-E91D7448E02D}.Release|x86.Build.0 = Release|Win32
		{8A4326DE-D876-4D48-9C5E-6FAD783D899D}.Debug|x64.ActiveCfg = Debug|x64
		{8A4326DE-D876-4D48-9C5E-6FAD783D899D}.Debug|x64.Build.0 = Debug|x64
		{8A4326DE-D876-4D48-9C5E-6FAD783D899D}.Debug|x86.ActiveCfg = Debug|Win32
		{8A4326DE-D876-4D48-9C5E-6FAD783D899D}.Debug|x86.Build.0 = Debug|Win32
		{8A4326DE-D876-4D48-9C5E-6FAD783D899D}.Release|x64.ActiveCfg = Release|x64
		{8A4326DE-D876-4D48-9C5E-6FAD783D899D}.Release|x64.Build.0 = Release|x64
		{8A4326DE-D876-4D48-9C5E-6FAD783D899D}.Release|x86.ActiveCfg = Release|Win32
		{8A4326DE-D876-4D48-9C5E-6FAD783D899D}.Release|x86.Build.0 = Release|Win32
		{97DC5B35-FA30-45E4-8B01-5C9220F8BEF2}.Debug|x64.ActiveCfg = Debug|x64
		{97DC5B35-FA30-45E4-8B01-5C9220F8BEF2}.Debug|x64.Build.0 = Debug|x64
		{97DC5B35-FA30-45E4-8B01-5C9220F8BEF2}.Debug|x86.ActiveCfg = Debug|Win32
		{97DC5B35-FA30-45E4-8B01-5C9220F8BEF2}.Debug|x86.Build.0 = Debug|Win32
		{97DC5B35-FA30-45E4-8B01-5C9220F8BEF2}.Release|x64.ActiveCfg = Release|x64
		{97DC5B35-FA30-45E4-8B01-5C9220F8BEF2}.Release|x64.Build.0 = Release|x64
		{97DC5B35-FA30-45E4-8B01-5C9220F8BEF2}.Release|x86.ActiveCfg = Release|Win32
		{97DC5B35-FA30-45E4-8B01-5C9220F8BEF2}.Release|x86.Build.0 = Release|Win32
		{C3B42912-EEE9-417F-BE63-D10C339C5BBC}.Debug|x64.ActiveCfg = Debug|x64
		{C3B42912-EEE9-417F-BE63-D10C339C5BBC}.Debug|x64.Build.0 = Debug|x64
		{C3B42912-EEE9-417F-BE63-D10C339C5BBC}.Debug|x86.ActiveCfg = Debug|Win32
		{C3B42912-EEE9-417F-BE63-D10C339C5BBC}.Debug|x86.Build.0 = Debug|Win32
		{C3B42912-EEE9-417F-BE63-D10C339C5BBC}.Release|x64.ActiveCfg = Release|x64
		{C3B42912-EEE9-417F-BE63-D10C339C5BBC}.Release|x64.Build.0 = Release|x64
		{C3B42912-EEE9-417F-BE63-D10C339C5BBC}.Release|x86.ActiveCfg = Release|Win32
		{C3B42912-EEE9-417F-BE63-D10C339C5BBC}.Release|x86.Build.0 = Release|Win32
		{9600464B-3F42-4CC2-A08F-111D421AB040}.Debug|x64.ActiveCfg = Debug|x64
		{9600464B-3F42-4CC2-A08F-111D421AB040}.Debug|x64.Build.0 = Debug|x64
		{9600464B-3F42-4CC2-A08F-111D421AB040}.Debug|x86.ActiveCfg = Debug|Win32
		{9600464B-3F42-4CC2-A08F-111D421AB040}.Debug|x86.Build.0 = Debug|Win32
		{9600464B-3F42-4CC2-A08F-111D421AB040}.Release|x64.ActiveCfg = Release|x64
		{9600464B-3F42-4CC2-A08F-111D421AB040}.Release|x64.Build.0 = Release|x64
		{9600464B-3F42-4CC2-A08F-111D421AB040}.Release|x86.ActiveCfg = Release|Win32
		{9600464B-3F42-4CC2-A08F-111D421AB040}.Release|x86.Build.0 = Release|Win32
		{EF501273-78B0-486E-B8B8-267ACF116421}.Debug|x64.ActiveCfg = Debug|x64
		{EF501273-78B0-486E-B8B8-267ACF116421}.Debug|x64.Build.0 = Debug|x64
		{EF501273-78B0-486E-B8B8-267ACF116421}.Debug|x86.ActiveCfg = Debug|Win32
		{EF501273-78B0-486E-B8B8-267ACF116421}.Debug|x86.Build.0 = Debug|Win32
		{EF501273-78B0-486E-B8B8-267ACF116421}.Release|x64.ActiveCfg = Release|x64
		{EF501273-78B0-486E-B8B8-267ACF116421}.Release|x64.Build.0 = Release|x64
		{EF501273-78B0-486E-B8B8-267ACF116421}.Release|x86.ActiveCfg = Release|Win32
		{EF501273-78B0-486E-B8B8-267ACF116421}.Release|x86.Build.0 = Release|Win32
		{5EF01B1D-A628-43CB-9D62-F8096CC92DC6}.Debug|x64.ActiveCfg = Debug|x64
		{5EF01B1D-A628-43CB-9D62-F8096CC92DC6}.Debug|x64.Build.0 = Debug|x64
		{5EF01B1D-A628-43CB-9D62-F8096CC92DC6}.Debug|x86.ActiveCfg = Debug|Win32
		{5EF01B1D-A628-43CB-9D62-F8096CC92DC6}.Debug|x86.Build.0 = Debug|Win32
		{5EF01B1D-A628-43CB-9D62-F8096CC92DC6}.Release|x64.ActiveCfg = Release|x64
		{5EF01B1D-A628-43CB-9D62-F8096CC92DC6}.Release|x64.Build.0 = Release|x64
		{5EF01B1D-A628-43CB-9D62-F8096CC92DC6}.Release|x86.ActiveCfg = Release|Win32
		{5EF01B1D-A628-43CB-9D62-F8096CC92DC6}.Release|x86.Build.0 = Release|Win32
		{2393FC97-9DA3-4A31-9835-7ED433612305}.Debug|x64.ActiveCfg = Debug|x64
		{2393FC97-9DA3-4A31-9835-7ED433612305}.Debug|x64.Build.0 = Debug|x64
		{2393FC97-9DA3-4A31-9835-7ED433612305}.Debug|x86.ActiveCfg = Debug|Win32
		{2393FC97-9DA3-4A31-9835-7ED433612305}.Debug|x86.Build.0 = Debug|Win32
		{2393FC97-9DA3-4A31-9835-7ED433612305}.Release|x64.ActiveCfg = Release|x64
		{2393FC97-9DA3-4A31-9835-7ED433612305}.Release|x64.Build.0 = Release|x64
		{2393FC97-9DA3-4A31-9835-7ED433612305}.Release|x86.ActiveCfg = Release|Win32
		{2393FC97-9DA3-4A31-9835-7ED433612305}.Release|x86.Build.0 = Release|Win32
		{FDCE96E7-1332-45E7-8C69-7A203E218C8E}.Debug|x64.ActiveCfg = Debug|x64
		{FDCE96E7-1332-45E7-8C69-7A203E218C8E}.Debug|x64.Build.0 = Debug|x64
		{FDCE96E7-1332-45E7-8C69-7A203E218C8E}.Debug|x86.ActiveCfg = Debug|Win32
		{FDCE96E7-1332-45E7-8C69-7A203E218C8E}.Debug|x86.Build.0 = Debug|Win32
		{FDCE96E7-1332-45E7-8C69-7A203E218C8E}.Release|x64.ActiveCfg = Release|x64
		{FDCE96E7-1332-45E7-8C69-7A203E218C8E}.Release|x64.Build.0 = Release|x64
		{FDCE96E7-1332-45E7-8C69-7A203E218C8E}.Release|x86.ActiveCfg = Release|Win32
		{FDCE96E7-1332-45E7-8C69-7A203E218C8E}.Release|x86.Build.0 = Release|Win32
		{CE1F1A8C-1828-4E45-8ADF-469CE7EBE6A0}.Debug|x64.ActiveCfg = Debug|x64
		{CE1F1A8C-1828-4E45-8ADF-469CE7EBE6A0}.Debug|x64.Build.0 = Debug|x64
		{CE1F1A8C-1828-4E45-8ADF-469CE7EBE6A0}.Debug|x86.ActiveCfg = Debug|Win32
		{CE1F1A8C-1828-4E45-8ADF-469CE7EBE6A0}.Debug|x86.Build.0 = Debug|Win32
		{CE1F1A8C-1828-4E45-8ADF-469CE7EBE6A0}.Release|x64.ActiveCfg = Release|x64
		{CE1F1A8C-1828-4E45-8ADF-469CE7EBE6A0}.Release|x64.Build.0 = Release|x64
		{CE1F1A8C-1828-4E45-8ADF-469CE7EBE6A0}.Release|x86.ActiveCfg = Release|Win32
		{CE1F1A8C-1828-4E45-8ADF-469CE7EBE6A0}.Release|x86.Build.0 = Release|Win32
		{0374C77D-55E5-477B-B01A-6992B4BE43AF}.Debug|x64.ActiveCfg = Debug|x64
		{0374C77D-55E5-477B-B01A-6992B4BE43AF}.Debug|x64.Build.0 = Debug|x64
		{0374C77D-55E5-477B-B01A-6992B4BE43AF}.Debug|x86.ActiveCfg = Debug|Win32
		{0374C77D-55E5-477B-B01A-6992B4BE43AF}.Debug|x86.Build.0 = Debug|Win32
		{0374C77D-55E5-477B-B01A-6992B4BE43AF}.Release|x64.ActiveCfg = Release|x64
		{0374C77D-55E5-477B-B01A-6992B4BE43AF}.Release|x64.Build.0 = Release|x64
		{0374C77D-55E5-477B-B01A-6992B4BE43AF}.Release|x86.ActiveCfg = Release|Win32
		{0374C77D-55E5-477B-B01A-6992B4BE43AF}.Release|x86.Build.0 = Release|Win32
		{256CADA8-EDE9-4614-836F-38077CD36120}.Debug|x64.ActiveCfg = Debug|x64
		{256CADA8-EDE9-4614-836F-38077CD36120}.Debug|x64.Build.0 = Debug|x64
		{256CADA8-EDE9-4614-836F-38077CD36120}.Debug|x86.ActiveCfg = Debug|Win32
		{256CADA8-EDE9-4614-836F-38077CD36120}.Debug|x86.Build.0 = Debug|Win32
		{256CADA8-EDE9-4614-836F-38077CD36120}.Release|x64.ActiveCfg = Release|x64
		{256CADA8-EDE9-4614-836F-38077CD36120}.Release|x64.Build.0 = Release|x64
		{256CADA8-EDE9-4614-836F-38077CD36120}.Release|x86.ActiveCfg = Release|Win32
		{256CADA8-EDE9-4614-836F-38077CD36120}.Release|x86.Build.0 = Release|Win32
		{2B6EF03E-46A1-4625-BAA3-0B4AB5CAD140}.Debug|x64.ActiveCfg = Debug|x64
		{2B6EF03E-46A1-4625-BAA3-0B4AB5CAD140}.Debug|x64.Build.0 = Debug|x64
		{2B6EF03E-46A1-4625-BAA3-0B4AB5CAD140}.Debug|x86.ActiveCfg = Debug|Win32
		{2B6EF03E-46A1-4625-BAA3-0B4AB5CAD140}.Debug|x86.Build.0 = Debug|Win32
		{2B6EF03E-46A1-4625-BAA3-0B4AB5CAD140}.Release|x64.ActiveCfg = Release|x64
		{2B6EF03E-46A1-4625-BAA3-0B4AB5CAD140}.Release|x64.Build.0 = Release|x64
		{2B6EF03E-46A1-4625-BAA3-0B4AB5CAD140}.Release|x86.ActiveCfg = Release|Win32
		{2B6EF03E-46A1-4625-BAA3-0B4AB5CAD140}.Release|x86.Build.0 = Release|Win32
		{B113E07D-F4D6-4875-A1BD-D4104B88636F}.Debug|x64.ActiveCfg = Debug|x64
		{B113E07D-F4D6-4875-A1BD-D4104B88636F}.Debug|x64.Build.0 = Debug|x64
		{B113E07D-F4D6-4875-A1BD-D4104B88636F}.Debug|x86.ActiveCfg = Debug|Win32
		{B113E07D-F4D6-4875-A1BD-D4104B88636F}.Debug|x86.Build.0 = Debug|Win32
		{B113E07D-F4D6-4875-A1BD-D4104B88636F}.Release|x64.ActiveCfg = Release|x64
		{B113E07D-F4D6-4875-A1BD-D4104B88636F}.Release|x64.Build.0 = Release|x64
		{B113E07D-F4D6-4875-A1BD-D4104B88636F}.Release|x86.ActiveCfg = Release|Win32
		{B113E07D-F4D6-4875-A1BD-D4104B88636F}.Release|x86.Build.0 = Release|Win32
		{9E4339CA-5F3C-490A-8361-609D543AF36B}.Debug|x64.ActiveCfg = Debug|x64
		{9E4339CA-5F3C-490A-8361-609D543AF36B}.Debug|x64.Build.0 = Debug|x64
		{9E4339CA-5F3C-490A-8361-609D543AF36B}.Debug|x86.ActiveCfg = Debug|Win32
		{9E4339CA-5F3C-490A-8361-609D543AF36B}.Debug|x86.Build.0 = Debug|Win32
		{9E4339CA-5F3C-490A-8361-609D543AF36B}.Release|x64.ActiveCfg = Release|x64
		{9E4339CA-5F3C-490A-8361-609D543AF36B}.Release|x64.Build.0 = Release|x64
		{9E4339CA-5F3C-490A-8361-609D543AF36B}.Release|x86.ActiveCfg = Release|Win32
		{9E4339CA-5F3C-490A-8361-609D543AF36B}.Release|x86.Build.0 = Release|Win32
		{8A4772EC-1A02-4DC0-83E1-40A52D932301}.Debug|x64.ActiveCfg = Debug|x64
		{8A4772EC-1A02-4DC0-83E1-40A52D932301}.Debug|x64.Build.0 = Debug|x64
		{8A4772EC-1A02-4DC0-83E1-40A52D932301}.Debug|x86.ActiveCfg = Debug|Win32
		{8A4772EC-1A02-4DC0-83E1-40A52D932301}.Debug|x86.Build.0 = Debug|Win32
		{8A4772EC-1A02-4DC0-83E1-40A52D932301}.Release|x64.ActiveCfg = Release|x64
		{8A4772EC-1A02-4DC0-83E1-40A52D932301}.Release|x64.Build.0 = Release|x64
		{8A4772EC-1A02-4DC0-83E1-40A52D932301}.Release|x86.ActiveCfg = Release|Win32
		{8A4772EC-1A02-4DC0-83E1-40A52D932301}.Release|x86.Build.0 = Release|Win32
		{EB4D8B68-4CAF-4424-9B94-985A15C50F35}.Debug|x64.ActiveCfg = Debug|x64
		{EB4D8B68-4CAF-4424-9B94-985A15C50F35}.Debug|x64.Build.0 = Debug|x64
		{EB4D8B68-4CAF-4424-9B94-985A15C50F35}.Debug|x86.ActiveCfg = Debug|Win32
		{EB4D8B68-4CAF-4424-9B94-985A15C50F35}.Debug|x86.Build.0 = Debug|Win32
		{EB4D8B68-4CAF-4424-9B94-985A15C50F35}.Release|x64.ActiveCfg = Release|x64
		{EB4D8B68-4CAF-4424-9B94-985A15C50F35}.Release|x64.Build.0 = Release|x64
		{EB4D8B68-4CAF-4424-9B94-985A15C50F35}.Release|x86.ActiveCfg = Release|Win32
		{EB4D8B68-4CAF-4424-9B94-985A15C50F35}.Release|x86.Build.0 = Release|Win32
		{5835FEED-9CEF-4CA5-89FD-35CA536EC779}.Debug|x64.ActiveCfg = Debug|x64
		{5835FEED-9CEF-4CA5-89FD-35CA536EC779}.Debug|x64.Build.0 = Debug|x64
		{5835FEED-9CEF-4CA5-89FD-35CA536EC779}.Debug|x86.ActiveCfg = Debug|Win32
		{5835FEED-9CEF-4CA5-89FD-35CA536EC779}.Debug|x86.Build.0 = Debug|Win32
		{5835FEED-9CEF-4CA5-89FD-35CA536EC779}.Release|x64.ActiveCfg = Release|x64
		{5835FEED-9CEF-4CA5-89FD-35CA536EC779}.Release|x64.Build.0 = Release|x64
		{5835FEED-9CEF-4CA5-89FD-35CA536EC779}.Release|x86.ActiveCfg = Release|Win32
		{5835FEED-9CEF-4CA5-89FD-35CA536EC779}.Release|x86.Build.0 = Release|Win32
		{7DE46740-D572-4835-A873-EE6B8FA2256F}.Debug|x64.ActiveCfg = Debug|x64
		{7DE46740-D572-4835-A873-EE6B8FA2256F}.Debug|x64.Build.0 = Debug|x64
		{7DE46740-D572-4835-A873-EE6B8FA2256F}.Debug|x86.ActiveCfg = Debug|Win32
		{7DE46740-D572-4835-A873-EE6B8FA2256F}.Debug|x86.Build.0 = Debug|Win32
		{7DE46740-D572-4835-A873-EE6B8FA2256F}.Release|x64.ActiveCfg = Release|x64
		{7DE46740-D572-4835-A873-EE6B8FA2256F}.Release|x64.Build.0 = Release|x64
		{7DE46740-D572-4835-A873-EE6B8FA2256F}.Release|x86.ActiveCfg = Release|Win32
		{7DE46740-D572-4835-A873-EE6B8FA2256F}.Release|x86.Build.0 = Release|Win32
		{C956D9EF-D3EC-4915-8461-9ACB004B149A}.Debug|x64.ActiveCfg = Debug|x64
		{C956D9EF-D3EC-4915-8461-9ACB004B149A}.Debug|x64.Build.0 = Debug|x64
		{C956D9EF-D3EC-4915-8461-9ACB004B149A}.Debug|x86.ActiveCfg = Debug|Win32
		{C956D9EF-D3EC-4915-8461-9ACB004B149A}.Debug|x86.Build.0 = Debug|Win32
		{C956D9EF-D3EC-4915-8461-9ACB004B149A}.Release|x64.ActiveCfg = Release|x64
		{C956D9EF-D3EC-4915-8461-9ACB004B149A}.Release|x64.Build.0 = Release|x64
		{C956D9EF-D3EC-4915-8461-9ACB004B149A}.Release|x86.ActiveCfg = Release|Win32
		{C956D9EF-D3EC-4915-8461-9ACB004B149A}.Release|x86.Build.0 = Release|Win32
		{62A5BFBA-680F-4078-B0FD-6A9E2C0BDC56}.Debug|x64.ActiveCfg = Debug|x64
		{62A5BFBA-680F-4078-B0FD-6A9E2C0BDC56}.Debug|x64.Build.0 = Debug|x64
		{62A5BFBA-680F-4078-B0FD-6A9E2C0BDC56}.Debug|x86.ActiveCfg = Debug|Win32
		{62A5BFBA-680F-4078-B0FD-6A9E2C0BDC56}.Debug|x86.Build.0 = Debug|Win32
		{62A5BFBA-680F-4078-B0FD-6A9E2C0BDC56}.Release|x64.ActiveCfg = Release|x64
		{62A5BFBA-680F-4078-B0FD-6A9E2C0BDC56}.Release|x64.Build.0 = Release|x64
		{62A5BFBA-680F-4078-B0FD-6A9E2C0BDC56}.Release|x86.ActiveCfg = Release|Win32
		{62A5BFBA-680F-4078-B0FD-6A9E2C0BDC56}.Release|x86.Build.0 = Release|Win32
		{960A27D4-840B-4DA5-BC3F-2130BA594E12}.Debug|x64.ActiveCfg = Debug|x64
		{960A27D4-840B-4DA5-BC3F-2130BA594E12}.Debug|x64.Build.0 = Debug|x64
		{960A27D4-840B-4DA5-BC3F-2130BA594E12}.Debug|x86.ActiveCfg = Debug|Win32
		{960A27D4-840B-4DA5-BC3F-2130BA594E12}.Debug|x86.Build.0 = Debug|Win32
		{960A27D4-840B-4DA5-BC3F-2130BA594E12}.Release|x64.ActiveCfg = Release|x64
		{960A27D4-840B-4DA5-BC3F-2130BA594E12}.Release|x64.Build.0 = Release|x64
		{960A27D4-840B-4DA5-BC3F-2130BA594E12}.Release|x86.ActiveCfg = Release|Win32
		{960A27D4-840B-4DA5-BC3F-2130BA594E12}.Release|x86.Build.0 = Release|Win32
		{746AA2CC-C0E2-42A6-8D5E-30A109863070}.Debug|x64.ActiveCfg = Debug|x64
		{746AA2CC-C0E2-42A6-8D5E-30A109863070}.Debug|x64.Build.0 = Debug|x64
		{746AA2CC-C0E2-42A6-8D5E-30A109863070}.Debug|x86.ActiveCfg = Debug|Win32
		{746AA2CC-C0E2-42A6-8D5E-30A109863070}.Debug|x86.Build.0 = Debug|Win32
		{746AA2CC-C0E2-42A6-8D5E-30A109863070}.Release|x64.ActiveCfg = Release|x64
		{746AA2CC-C0E2-42A6-8D5E-30A109863070}.Release|x64.Build.0 = Release|x64
		{746AA2CC-C0E2-42A6-8D5E-30A109863070}.Release|x86.ActiveCfg = Release|Win32
		{746AA2CC-C0E2-42A6-8D5E-30A109863070}.Release|x86.Build.0 = Release|Win32
		{AD27B8CA-59F9-4C0F-B715-446873B5145B}.Debug|x64.ActiveCfg = Debug|x64
		{AD27B8CA-59F9-4C0F-B715-446873B5145B}.Debug|x64.Build.0 = Debug|x64
		{AD27B8CA-59F9-4C0F-B715-446873B5145B}.Debug|x86.ActiveCfg = Debug|Win32
		{AD27B8CA-59F9-4C0F-B715-446873B5145B}.Debug|x86.Build.0 = Debug|Win32
		{AD27B8CA-59F9-4C0F-B715-446873B5145B}.Release|x64.ActiveCfg = Release|x64
		{AD27B8CA-59F9-4C0F-B715-446873B5145B}.Release|x64.Build.0 = Release|x64
		{AD27B8CA-59F9-4C0F-B715-446873B5145B}.Release|x86.ActiveCfg = Release|Win32
		{AD27B8CA-59F9-4C0F-B715-446873B5145B}.Release|x86.Build.0 = Release|Win32
		{F00FA70F-2F7F-4FB9-A115-198DDE56ED9B}.Debug|x64.ActiveCfg = Debug|x64
		{F00FA70F-2F7F-4FB9-A115-198DDE56ED9B}.Debug|x64.Build.0 = Debug|x64
		{F00FA70F-2F7F-4FB9-A115-198DDE56ED9B}.Debug|x86.ActiveCfg = Debug|Win32
		{F00FA70F-2F7F-4FB9-A115-198DDE56ED9B}.Debug|x86.Build.0 = Debug|Win32
		{F00FA70F-2F7F-4FB9-A115-198DDE56ED9B}.Release|x64.ActiveCfg = Release|x64
		{F00FA70F-2F7F-4FB9-A115-198DDE56ED9B}.Release|x64.Build.0 = Release|x64
		{F00FA70F-2F7F-4FB9-A115-198DDE56ED9B}.Release|x86.ActiveCfg = Release|Win32
		{F00FA70F-2F7F-4FB9-A115-198DDE56ED9B}.Release|x86.Build.0 = Release|Win32
		{40E17D27-461F-471D-B06B-168DF16EDCE4}.Debug|x64.ActiveCfg = Debug|x64
		{40E17D27-461F-471D-B06B-168DF16EDCE4}.Debug|x64.Build.0 = Debug|x64
		{40E17D27-461F-471D-B06B-168DF16EDCE4}.Debug|x86.ActiveCfg = Debug|Win32
		{40E17D27-461F-471D-B06B-168DF16EDCE4}.Debug|x86.Build.0 = Debug|Win32
		{40E17D27-461F-471D-B06B-168DF16EDCE4}.Release|x64.ActiveCfg = Release|x64
		{40E17D27-461F-471D-B06B-168DF16EDCE4}.Release|x64.Build.0 = Release|x64
		{40E17D27-461F-471D-B06B-168DF16EDCE4}.Release|x86.ActiveCfg = Release|Win32
		{40E17D27-461F-471D-B06B-168DF16EDCE4}.Release|x86.Build.0 = Release|Win32
	EndGlobalSection
	GlobalSection(SolutionProperties) = preSolution
		HideSolutionNode = FALSE
	EndGlobalSection
	GlobalSection(NestedProjects) = preSolution
		{2CFC5CFD-A009-4FA8-8BBC-1BE7BE8FE623} = {26C472CE-85A3-44FC-A2C2-958C4174C07F}
		{E46ECCAF-4237-451E-B8D1-B57D3409E240} = {26C472CE-85A3-44FC-A2C2-958C4174C07F}
		{D54DB2CE-415E-49DB-9A10-87E369128F75} = {26C472CE-85A3-44FC-A2C2-958C4174C07F}
		{1C3A4BFD-EA03-41B4-9023-A72F91F9B629} = {26C472CE-85A3-44FC-A2C2-958C4174C07F}
		{6F638B56-4229-4536-AE0A-59E17414AC88} = {26C472CE-85A3-44FC-A2C2-958C4174C07F}
		{34FD79D5-5630-4225-8AD3-6D79B56731C9} = {A4902033-00D7-4779-9178-93690DD04EF1}
		{425B988B-941B-48BB-B50D-050178C4E6EB} = {A4902033-00D7-4779-9178-93690DD04EF1}
		{FBD587E2-9EE1-4845-945D-E91D7448E02D} = {A4902033-00D7-4779-9178-93690DD04EF1}
		{8A4326DE-D876-4D48-9C5E-6FAD783D899D} = {A4902033-00D7-4779-9178-93690DD04EF1}
		{97DC5B35-FA30-45E4-8B01-5C9220F8BEF2} = {A4902033-00D7-4779-9178-93690DD04EF1}
		{C3B42912-EEE9-417F-BE63-D10C339C5BBC} = {A4902033-00D7-4779-9178-93690DD04EF1}
		{9600464B-3F42-4CC2-A08F-111D421AB040} = {A4902033-00D7-4779-9178-93690DD04EF1}
		{EF501273-78B0-486E-B8B8-267ACF116421} = {96529E30-1115-4C3C-A8F8-16B2FD277E72}
		{5EF01B1D-A628-43CB-9D62-F8096CC92DC6} = {96529E30-1115-4C3C-A8F8-16B2FD277E72}
		{2393FC97-9DA3-4A31-9835-7ED433612305} = {96529E30-1115-4C3C-A8F8-16B2FD277E72}
		{FDCE96E7-1332-45E7-8C69-7A203E218C8E} = {5F4CF076-CFA4-4B53-A57C-157ED17F3E01}
		{CE1F1A8C-1828-4E45-8ADF-469CE7EBE6A0} = {5F4CF076-CFA4-4B53-A57C-157ED17F3E01}
		{0374C77D-55E5-477B-B01A-6992B4BE43AF} = {5F4CF076-CFA4-4B53-A57C-157ED17F3E01}
		{256CADA8-EDE9-4614-836F-38077CD36120} = {5F4CF076-CFA4-4B53-A57C-157ED17F3E01}
		{2B6EF03E-46A1-4625-BAA3-0B4AB5CAD140} = {5F4CF076-CFA4-4B53-A57C-157ED17F3E01}
		{B113E07D-F4D6-4875-A1BD-D4104B88636F} = {5F4CF076-CFA4-4B53-A57C-157ED17F3E01}
		{9E4339CA-5F3C-490A-8361-609D543AF36B} = {5F4CF076-CFA4-4B53-A57C-157ED17F3E01}
		{8A4772EC-1A02-4DC0-83E1-40A52D932301} = {5F4CF076-CFA4-4B53-A57C-157ED17F3E01}
		{EB4D8B68-4CAF-4424-9B94-985A15C50F35} = {5F4CF076-CFA4-4B53-A57C-157ED17F3E01}
		{5835FEED-9CEF-4CA5-89FD-35CA536EC779} = {5F4CF076-CFA4-4B53-A57C-157ED17F3E01}
		{7DE46740-D572-4835-A873-EE6B8FA2256F} = {D538DFF1-4EC4-435F-8AEC-812C812CDA19}
		{C956D9EF-D3EC-4915-8461-9ACB004B149A} = {D538DFF1-4EC4-435F-8AEC-812C812CDA19}
		{62A5BFBA-680F-4078-B0FD-6A9E2C0BDC56} = {D538DFF1-4EC4-435F-8AEC-812C812CDA19}
		{960A27D4-840B-4DA5-BC3F-2130BA594E12} = {D538DFF1-4EC4-435F-8AEC-812C812CDA19}
		{746AA2CC-C0E2-42A6-8D5E-30A109863070} = {D538DFF1-4EC4-435F-8AEC-812C812CDA19}
		{AD27B8CA-59F9-4C0F-B715-446873B5145B} = {D538DFF1-4EC4-435F-8AEC-812C812CDA19}
		{F00FA70F-2F7F-4FB9-A115-198DDE56ED9B} = {D538DFF1-4EC4-435F-8AEC-812C812CDA19}
		{40E17D27-461F-471D-B06B-168DF16EDCE4} = {D538DFF1-4EC4-435F-8AEC-812C812CDA19}
	EndGlobalSection
	GlobalSection(ExtensibilityGlobals) = postSolution
		SolutionGuid = {BF6B6C90-6A47-4471-8301-353378768DD8}
	EndGlobalSection
EndGlobal
